{
  "nodes": {
    "circt-src": {
      "flake": false,
      "locked": {
        "lastModified": 1770074365,
        "narHash": "sha256-U/FJ/ru+ZPPHDwbuXk2XYdYAUo4gC+MOcMvsd/mUXqI=",
        "owner": "llvm",
        "repo": "circt",
        "rev": "4c66f782a5b32f4dd068dd91173cdfe3fd79ad84",
        "type": "github"
      },
      "original": {
        "owner": "llvm",
        "repo": "circt",
        "type": "github"
      }
    },
    "flake-compat": {
      "flake": false,
      "locked": {
        "lastModified": 1767039857,
        "narHash": "sha256-vNpUSpF5Nuw8xvDLj2KCwwksIbjua2LZCqhV1LNRDns=",
        "owner": "edolstra",
        "repo": "flake-compat",
        "rev": "5edf11c44bc78a0d334f6334cdaf7d60d732daab",
        "type": "github"
      },
      "original": {
        "owner": "edolstra",
        "repo": "flake-compat",
        "type": "github"
      }
    },
    "flake-utils": {
      "inputs": {
        "systems": "systems"
      },
      "locked": {
        "lastModified": 1731533236,
        "narHash": "sha256-l0KFg5HjrsfsO/JpG+r7fRrqm12kzFHyUHqHCVpMMbI=",
        "owner": "numtide",
        "repo": "flake-utils",
        "rev": "11707dc2f618dd54ca8739b309ec4fc024de578b",
        "type": "github"
      },
      "original": {
        "owner": "numtide",
        "repo": "flake-utils",
        "type": "github"
      }
    },
    "llvm-submodule-src": {
      "flake": false,
      "locked": {
        "lastModified": 1769658559,
        "narHash": "sha256-2oioBhX79fsx/7yeUXPjkWOXaObwAjDTmDdJdGaGZVI=",
        "owner": "llvm",
        "repo": "llvm-project",
        "rev": "b7c1a6f8b447fba6fff47d309eb7ba1bc22e8c53",
        "type": "github"
      },
      "original": {
        "owner": "llvm",
        "repo": "llvm-project",
        "rev": "b7c1a6f8b447fba6fff47d309eb7ba1bc22e8c53",
        "type": "github"
      }
    },
    "nixpkgs": {
      "locked": {
        "lastModified": 1770084216,
        "narHash": "sha256-Ij9J/9VuSAvdTqzbNLKtwYzAqt8J0nnqnht4mzCyN1M=",
        "owner": "NixOS",
        "repo": "nixpkgs",
        "rev": "dfcc8a7bfb5b581331aeb110204076188636c7a2",
        "type": "github"
      },
      "original": {
        "owner": "NixOS",
        "ref": "master",
        "repo": "nixpkgs",
        "type": "github"
      }
    },
    "root": {
      "inputs": {
        "circt-src": "circt-src",
        "flake-compat": "flake-compat",
        "flake-utils": "flake-utils",
        "llvm-submodule-src": "llvm-submodule-src",
        "nixpkgs": "nixpkgs",
        "slang-src": "slang-src"
      }
    },
    "slang-src": {
      "flake": false,
      "locked": {
        "lastModified": 1769791679,
        "narHash": "sha256-APUUWWr5N6Vi4SW/d6NRu3WF4wib5tnlhygSxf4TbXU=",
        "owner": "MikePopoloski",
        "repo": "slang",
        "rev": "bd1b933ac642b51bbb2a15e6d8a4fa4fa5c4adc6",
        "type": "github"
      },
      "original": {
        "owner": "MikePopoloski",
        "repo": "slang",
        "type": "github"
      }
    },
    "systems": {
      "locked": {
        "lastModified": 1681028828,
        "narHash": "sha256-Vy1rq5AaRuLzOxct8nz4T6wlgyUR7zLU309k9mBC768=",
        "owner": "nix-systems",
        "repo": "default",
        "rev": "da67096a3b9bf56a91d16901293e51ba5b49a27e",
        "type": "github"
      },
      "original": {
        "owner": "nix-systems",
        "repo": "default",
        "type": "github"
      }
    }
  },
  "root": "root",
  "version": 7
}
